{
  "requires": true,
  "lockfileVersion": 1,
  "dependencies": {
    "jekyll": {
      "version": "3.0.0-beta1",
      "resolved": "https://registry.npm.taobao.org/jekyll/download/jekyll-3.0.0-beta1.tgz",
      "integrity": "sha1-MnSfAwBM/yF78pmI9uRCBgZHn/k="
    },
    "jqeury": {
      "version": "0.0.1-security",
      "resolved": "https://registry.npm.taobao.org/jqeury/download/jqeury-0.0.1-security.tgz",
      "integrity": "sha1-fpeaUHNQf7CYx9Sl7VROXTpniIc="
    }
  }
}
